// !$*UTF8*$!
{
	archiveVersion = 1;
	classes = {
	};
	objectVersion = 51;
	objects = {

/* Begin PBXBuildFile section */
		05E063B96F442782A92954E8 /* Pods_SentioWeather_SentioWeatherUITests.framework in Frameworks */ = {isa = PBXBuildFile; fileRef = 0AECAB546BB8607E84D463A1 /* Pods_SentioWeather_SentioWeatherUITests.framework */; };
		263048B426D1F83800450B4E /* LocationService.swift in Sources */ = {isa = PBXBuildFile; fileRef = 263048B326D1F83800450B4E /* LocationService.swift */; };
		263048E126D2392200450B4E /* DatabaseService.swift in Sources */ = {isa = PBXBuildFile; fileRef = 263048E026D2392200450B4E /* DatabaseService.swift */; };
		263048E626D2393E00450B4E /* FirestoreService.swift in Sources */ = {isa = PBXBuildFile; fileRef = 263048E526D2393E00450B4E /* FirestoreService.swift */; };
		263048EB26D23A6D00450B4E /* GoogleService-Info.plist in Resources */ = {isa = PBXBuildFile; fileRef = 263048EA26D23A6D00450B4E /* GoogleService-Info.plist */; };
		263048FA26D23C1F00450B4E /* Encodable+Extension.swift in Sources */ = {isa = PBXBuildFile; fileRef = 263048F926D23C1F00450B4E /* Encodable+Extension.swift */; };
		2630490226D244D900450B4E /* WeatherDatabaseService.swift in Sources */ = {isa = PBXBuildFile; fileRef = 2630490126D244D900450B4E /* WeatherDatabaseService.swift */; };
		26D5254F26D0A932005D73E6 /* AppDelegate.swift in Sources */ = {isa = PBXBuildFile; fileRef = 26D5254E26D0A932005D73E6 /* AppDelegate.swift */; };
		26D5255326D0A932005D73E6 /* ViewController.swift in Sources */ = {isa = PBXBuildFile; fileRef = 26D5255226D0A932005D73E6 /* ViewController.swift */; };
		26D5255626D0A932005D73E6 /* Main.storyboard in Resources */ = {isa = PBXBuildFile; fileRef = 26D5255426D0A932005D73E6 /* Main.storyboard */; };
		26D5255826D0A935005D73E6 /* Assets.xcassets in Resources */ = {isa = PBXBuildFile; fileRef = 26D5255726D0A935005D73E6 /* Assets.xcassets */; };
		26D5255B26D0A935005D73E6 /* LaunchScreen.storyboard in Resources */ = {isa = PBXBuildFile; fileRef = 26D5255926D0A935005D73E6 /* LaunchScreen.storyboard */; };
		26D5256626D0A936005D73E6 /* SentioWeatherTests.swift in Sources */ = {isa = PBXBuildFile; fileRef = 26D5256526D0A936005D73E6 /* SentioWeatherTests.swift */; };
		26D5257126D0A936005D73E6 /* SentioWeatherUITests.swift in Sources */ = {isa = PBXBuildFile; fileRef = 26D5257026D0A936005D73E6 /* SentioWeatherUITests.swift */; };
		26DEB1BE26D0BA42004681F3 /* WeatherTabViewController.swift in Sources */ = {isa = PBXBuildFile; fileRef = 26DEB1BC26D0BA42004681F3 /* WeatherTabViewController.swift */; };
		26DEB1BF26D0BA42004681F3 /* WeatherTabViewController.xib in Resources */ = {isa = PBXBuildFile; fileRef = 26DEB1BD26D0BA42004681F3 /* WeatherTabViewController.xib */; };
		26DEB1C526D0BBDA004681F3 /* WeatherTabPresenter.swift in Sources */ = {isa = PBXBuildFile; fileRef = 26DEB1C426D0BBDA004681F3 /* WeatherTabPresenter.swift */; };
		26DEB1CB26D0BC69004681F3 /* WeatherTabRouter.swift in Sources */ = {isa = PBXBuildFile; fileRef = 26DEB1CA26D0BC69004681F3 /* WeatherTabRouter.swift */; };
		26DEB1D526D0BE3B004681F3 /* TodayBuilder.swift in Sources */ = {isa = PBXBuildFile; fileRef = 26DEB1D426D0BE3B004681F3 /* TodayBuilder.swift */; };
		26DEB1DC26D0BE87004681F3 /* TodayViewController.swift in Sources */ = {isa = PBXBuildFile; fileRef = 26DEB1DA26D0BE87004681F3 /* TodayViewController.swift */; };
		26DEB1DD26D0BE87004681F3 /* TodayViewController.xib in Resources */ = {isa = PBXBuildFile; fileRef = 26DEB1DB26D0BE87004681F3 /* TodayViewController.xib */; };
		26DEB1E526D0BEAD004681F3 /* ForecastBuilder.swift in Sources */ = {isa = PBXBuildFile; fileRef = 26DEB1E426D0BEAD004681F3 /* ForecastBuilder.swift */; };
		26DEB1EC26D0BEC0004681F3 /* ForecastViewController.swift in Sources */ = {isa = PBXBuildFile; fileRef = 26DEB1EA26D0BEC0004681F3 /* ForecastViewController.swift */; };
		26DEB1ED26D0BEC0004681F3 /* ForecastViewController.xib in Resources */ = {isa = PBXBuildFile; fileRef = 26DEB1EB26D0BEC0004681F3 /* ForecastViewController.xib */; };
		26DEB1F626D0BF64004681F3 /* WeatherTabBuilder.swift in Sources */ = {isa = PBXBuildFile; fileRef = 26DEB1F526D0BF64004681F3 /* WeatherTabBuilder.swift */; };
		26DEB20726D0C3C7004681F3 /* DependencyContainer.swift in Sources */ = {isa = PBXBuildFile; fileRef = 26DEB20626D0C3C7004681F3 /* DependencyContainer.swift */; };
		26DEB20E26D0C63C004681F3 /* WeatherRepository.swift in Sources */ = {isa = PBXBuildFile; fileRef = 26DEB20D26D0C63C004681F3 /* WeatherRepository.swift */; };
		26DEB21426D0C67B004681F3 /* RestClient.swift in Sources */ = {isa = PBXBuildFile; fileRef = 26DEB21326D0C67B004681F3 /* RestClient.swift */; };
		26DEB21C26D0C9A7004681F3 /* WeatherResource.swift in Sources */ = {isa = PBXBuildFile; fileRef = 26DEB21B26D0C9A7004681F3 /* WeatherResource.swift */; };
		26DEB22126D0CA29004681F3 /* BaseTargetType.swift in Sources */ = {isa = PBXBuildFile; fileRef = 26DEB22026D0CA29004681F3 /* BaseTargetType.swift */; };
		26DEB22726D0CBE7004681F3 /* FetchWeatherRequest.swift in Sources */ = {isa = PBXBuildFile; fileRef = 26DEB22626D0CBE7004681F3 /* FetchWeatherRequest.swift */; };
		26DEB22C26D0CD38004681F3 /* WeatherResponse.swift in Sources */ = {isa = PBXBuildFile; fileRef = 26DEB22B26D0CD38004681F3 /* WeatherResponse.swift */; };
		26DEB24426D0EFFD004681F3 /* TodayViewModel.swift in Sources */ = {isa = PBXBuildFile; fileRef = 26DEB24326D0EFFD004681F3 /* TodayViewModel.swift */; };
		26DEB24A26D0F11F004681F3 /* TodayViewModelMapping.swift in Sources */ = {isa = PBXBuildFile; fileRef = 26DEB24926D0F11F004681F3 /* TodayViewModelMapping.swift */; };
		26DEB25026D0F36A004681F3 /* DateTimeFormatter.swift in Sources */ = {isa = PBXBuildFile; fileRef = 26DEB24F26D0F36A004681F3 /* DateTimeFormatter.swift */; };
		26DEB26626D0FEB2004681F3 /* StringFormatting.swift in Sources */ = {isa = PBXBuildFile; fileRef = 26DEB26526D0FEB2004681F3 /* StringFormatting.swift */; };
		26DEB28E26D10311004681F3 /* WeatherService.swift in Sources */ = {isa = PBXBuildFile; fileRef = 26DEB28D26D10311004681F3 /* WeatherService.swift */; };
		26DEB2A726D10497004681F3 /* ForecastViewModelMapper.swift in Sources */ = {isa = PBXBuildFile; fileRef = 26DEB2A626D10497004681F3 /* ForecastViewModelMapper.swift */; };
		26DEB2AF26D104A6004681F3 /* ForecastViewModel.swift in Sources */ = {isa = PBXBuildFile; fileRef = 26DEB2AE26D104A6004681F3 /* ForecastViewModel.swift */; };
		26DEB2C426D10A14004681F3 /* TodayInteractor.swift in Sources */ = {isa = PBXBuildFile; fileRef = 26DEB2C326D10A14004681F3 /* TodayInteractor.swift */; };
		26DEB2C926D10A19004681F3 /* TodayPresenter.swift in Sources */ = {isa = PBXBuildFile; fileRef = 26DEB2C826D10A19004681F3 /* TodayPresenter.swift */; };
		26DEB2D426D10A47004681F3 /* ForecastInteractor.swift in Sources */ = {isa = PBXBuildFile; fileRef = 26DEB2D326D10A47004681F3 /* ForecastInteractor.swift */; };
		26DEB2D926D10A4D004681F3 /* ForecastPresenter.swift in Sources */ = {isa = PBXBuildFile; fileRef = 26DEB2D826D10A4D004681F3 /* ForecastPresenter.swift */; };
		AAB9A05C26D0FCD2006C10F9 /* ItemWheatherInforView.swift in Sources */ = {isa = PBXBuildFile; fileRef = AAB9A05B26D0FCD2006C10F9 /* ItemWheatherInforView.swift */; };
		AAB9A05E26D0FCE1006C10F9 /* ItemWheatherInforView.xib in Resources */ = {isa = PBXBuildFile; fileRef = AAB9A05D26D0FCE1006C10F9 /* ItemWheatherInforView.xib */; };
		AAB9A06126D1015D006C10F9 /* TopBarView.swift in Sources */ = {isa = PBXBuildFile; fileRef = AAB9A06026D1015D006C10F9 /* TopBarView.swift */; };
		AAB9A06326D1016A006C10F9 /* TopBarView.xib in Resources */ = {isa = PBXBuildFile; fileRef = AAB9A06226D1016A006C10F9 /* TopBarView.xib */; };
		AAB9A06A26D10505006C10F9 /* ForecastViewRouter.swift in Sources */ = {isa = PBXBuildFile; fileRef = AAB9A06926D10505006C10F9 /* ForecastViewRouter.swift */; };
		AAC27D7D26D1482D007663F4 /* AppResource.swift in Sources */ = {isa = PBXBuildFile; fileRef = AAC27D7C26D1482D007663F4 /* AppResource.swift */; };
		AAC27D8526D14E4F007663F4 /* InforWeatherTableCell.swift in Sources */ = {isa = PBXBuildFile; fileRef = AAC27D8326D14E4F007663F4 /* InforWeatherTableCell.swift */; };
		AAC27D8626D14E4F007663F4 /* InforWeatherTableCell.xib in Resources */ = {isa = PBXBuildFile; fileRef = AAC27D8426D14E4F007663F4 /* InforWeatherTableCell.xib */; };
		C12EDF13226C0DCF004D4DD2 /* Pods_SentioWeatherTests.framework in Frameworks */ = {isa = PBXBuildFile; fileRef = 8FB796DCE0C2161E236C3AD4 /* Pods_SentioWeatherTests.framework */; };
		EDCB92494EAD764A1C58E4F5 /* Pods_SentioWeather.framework in Frameworks */ = {isa = PBXBuildFile; fileRef = A1D5ACB652D5D9103A958290 /* Pods_SentioWeather.framework */; };
/* End PBXBuildFile section */

/* Begin PBXContainerItemProxy section */
		26D5256226D0A936005D73E6 /* PBXContainerItemProxy */ = {
			isa = PBXContainerItemProxy;
			containerPortal = 26D5254326D0A932005D73E6 /* Project object */;
			proxyType = 1;
			remoteGlobalIDString = 26D5254A26D0A932005D73E6;
			remoteInfo = SentioWeather;
		};
		26D5256D26D0A936005D73E6 /* PBXContainerItemProxy */ = {
			isa = PBXContainerItemProxy;
			containerPortal = 26D5254326D0A932005D73E6 /* Project object */;
			proxyType = 1;
			remoteGlobalIDString = 26D5254A26D0A932005D73E6;
			remoteInfo = SentioWeather;
		};
/* End PBXContainerItemProxy section */

/* Begin PBXFileReference section */
		0AECAB546BB8607E84D463A1 /* Pods_SentioWeather_SentioWeatherUITests.framework */ = {isa = PBXFileReference; explicitFileType = wrapper.framework; includeInIndex = 0; path = Pods_SentioWeather_SentioWeatherUITests.framework; sourceTree = BUILT_PRODUCTS_DIR; };
		263048B326D1F83800450B4E /* LocationService.swift */ = {isa = PBXFileReference; lastKnownFileType = sourcecode.swift; path = LocationService.swift; sourceTree = "<group>"; };
		263048E026D2392200450B4E /* DatabaseService.swift */ = {isa = PBXFileReference; lastKnownFileType = sourcecode.swift; path = DatabaseService.swift; sourceTree = "<group>"; };
		263048E526D2393E00450B4E /* FirestoreService.swift */ = {isa = PBXFileReference; lastKnownFileType = sourcecode.swift; path = FirestoreService.swift; sourceTree = "<group>"; };
		263048EA26D23A6D00450B4E /* GoogleService-Info.plist */ = {isa = PBXFileReference; fileEncoding = 4; lastKnownFileType = text.plist.xml; path = "GoogleService-Info.plist"; sourceTree = "<group>"; };
		263048F926D23C1F00450B4E /* Encodable+Extension.swift */ = {isa = PBXFileReference; lastKnownFileType = sourcecode.swift; path = "Encodable+Extension.swift"; sourceTree = "<group>"; };
		2630490126D244D900450B4E /* WeatherDatabaseService.swift */ = {isa = PBXFileReference; lastKnownFileType = sourcecode.swift; path = WeatherDatabaseService.swift; sourceTree = "<group>"; };
		26D5254B26D0A932005D73E6 /* SentioWeather.app */ = {isa = PBXFileReference; explicitFileType = wrapper.application; includeInIndex = 0; path = SentioWeather.app; sourceTree = BUILT_PRODUCTS_DIR; };
		26D5254E26D0A932005D73E6 /* AppDelegate.swift */ = {isa = PBXFileReference; lastKnownFileType = sourcecode.swift; path = AppDelegate.swift; sourceTree = "<group>"; };
		26D5255226D0A932005D73E6 /* ViewController.swift */ = {isa = PBXFileReference; lastKnownFileType = sourcecode.swift; path = ViewController.swift; sourceTree = "<group>"; };
		26D5255526D0A932005D73E6 /* Base */ = {isa = PBXFileReference; lastKnownFileType = file.storyboard; name = Base; path = Base.lproj/Main.storyboard; sourceTree = "<group>"; };
		26D5255726D0A935005D73E6 /* Assets.xcassets */ = {isa = PBXFileReference; lastKnownFileType = folder.assetcatalog; path = Assets.xcassets; sourceTree = "<group>"; };
		26D5255A26D0A935005D73E6 /* Base */ = {isa = PBXFileReference; lastKnownFileType = file.storyboard; name = Base; path = Base.lproj/LaunchScreen.storyboard; sourceTree = "<group>"; };
		26D5255C26D0A935005D73E6 /* Info.plist */ = {isa = PBXFileReference; lastKnownFileType = text.plist.xml; path = Info.plist; sourceTree = "<group>"; };
		26D5256126D0A936005D73E6 /* SentioWeatherTests.xctest */ = {isa = PBXFileReference; explicitFileType = wrapper.cfbundle; includeInIndex = 0; path = SentioWeatherTests.xctest; sourceTree = BUILT_PRODUCTS_DIR; };
		26D5256526D0A936005D73E6 /* SentioWeatherTests.swift */ = {isa = PBXFileReference; lastKnownFileType = sourcecode.swift; path = SentioWeatherTests.swift; sourceTree = "<group>"; };
		26D5256726D0A936005D73E6 /* Info.plist */ = {isa = PBXFileReference; lastKnownFileType = text.plist.xml; path = Info.plist; sourceTree = "<group>"; };
		26D5256C26D0A936005D73E6 /* SentioWeatherUITests.xctest */ = {isa = PBXFileReference; explicitFileType = wrapper.cfbundle; includeInIndex = 0; path = SentioWeatherUITests.xctest; sourceTree = BUILT_PRODUCTS_DIR; };
		26D5257026D0A936005D73E6 /* SentioWeatherUITests.swift */ = {isa = PBXFileReference; lastKnownFileType = sourcecode.swift; path = SentioWeatherUITests.swift; sourceTree = "<group>"; };
		26D5257226D0A936005D73E6 /* Info.plist */ = {isa = PBXFileReference; lastKnownFileType = text.plist.xml; path = Info.plist; sourceTree = "<group>"; };
		26DEB1BC26D0BA42004681F3 /* WeatherTabViewController.swift */ = {isa = PBXFileReference; lastKnownFileType = sourcecode.swift; path = WeatherTabViewController.swift; sourceTree = "<group>"; };
		26DEB1BD26D0BA42004681F3 /* WeatherTabViewController.xib */ = {isa = PBXFileReference; lastKnownFileType = file.xib; path = WeatherTabViewController.xib; sourceTree = "<group>"; };
		26DEB1C426D0BBDA004681F3 /* WeatherTabPresenter.swift */ = {isa = PBXFileReference; lastKnownFileType = sourcecode.swift; path = WeatherTabPresenter.swift; sourceTree = "<group>"; };
		26DEB1CA26D0BC69004681F3 /* WeatherTabRouter.swift */ = {isa = PBXFileReference; lastKnownFileType = sourcecode.swift; path = WeatherTabRouter.swift; sourceTree = "<group>"; };
		26DEB1D426D0BE3B004681F3 /* TodayBuilder.swift */ = {isa = PBXFileReference; lastKnownFileType = sourcecode.swift; path = TodayBuilder.swift; sourceTree = "<group>"; };
		26DEB1DA26D0BE87004681F3 /* TodayViewController.swift */ = {isa = PBXFileReference; lastKnownFileType = sourcecode.swift; path = TodayViewController.swift; sourceTree = "<group>"; };
		26DEB1DB26D0BE87004681F3 /* TodayViewController.xib */ = {isa = PBXFileReference; lastKnownFileType = file.xib; path = TodayViewController.xib; sourceTree = "<group>"; };
		26DEB1E426D0BEAD004681F3 /* ForecastBuilder.swift */ = {isa = PBXFileReference; lastKnownFileType = sourcecode.swift; path = ForecastBuilder.swift; sourceTree = "<group>"; };
		26DEB1EA26D0BEC0004681F3 /* ForecastViewController.swift */ = {isa = PBXFileReference; lastKnownFileType = sourcecode.swift; path = ForecastViewController.swift; sourceTree = "<group>"; };
		26DEB1EB26D0BEC0004681F3 /* ForecastViewController.xib */ = {isa = PBXFileReference; lastKnownFileType = file.xib; path = ForecastViewController.xib; sourceTree = "<group>"; };
		26DEB1F526D0BF64004681F3 /* WeatherTabBuilder.swift */ = {isa = PBXFileReference; lastKnownFileType = sourcecode.swift; path = WeatherTabBuilder.swift; sourceTree = "<group>"; };
		26DEB20626D0C3C7004681F3 /* DependencyContainer.swift */ = {isa = PBXFileReference; lastKnownFileType = sourcecode.swift; path = DependencyContainer.swift; sourceTree = "<group>"; };
		26DEB20D26D0C63C004681F3 /* WeatherRepository.swift */ = {isa = PBXFileReference; lastKnownFileType = sourcecode.swift; path = WeatherRepository.swift; sourceTree = "<group>"; };
		26DEB21326D0C67B004681F3 /* RestClient.swift */ = {isa = PBXFileReference; lastKnownFileType = sourcecode.swift; path = RestClient.swift; sourceTree = "<group>"; };
		26DEB21B26D0C9A7004681F3 /* WeatherResource.swift */ = {isa = PBXFileReference; lastKnownFileType = sourcecode.swift; path = WeatherResource.swift; sourceTree = "<group>"; };
		26DEB22026D0CA29004681F3 /* BaseTargetType.swift */ = {isa = PBXFileReference; lastKnownFileType = sourcecode.swift; path = BaseTargetType.swift; sourceTree = "<group>"; };
		26DEB22626D0CBE7004681F3 /* FetchWeatherRequest.swift */ = {isa = PBXFileReference; lastKnownFileType = sourcecode.swift; path = FetchWeatherRequest.swift; sourceTree = "<group>"; };
		26DEB22B26D0CD38004681F3 /* WeatherResponse.swift */ = {isa = PBXFileReference; lastKnownFileType = sourcecode.swift; path = WeatherResponse.swift; sourceTree = "<group>"; };
		26DEB23126D0EBE0004681F3 /* TodayPresenter.swift */ = {isa = PBXFileReference; lastKnownFileType = sourcecode.swift; path = TodayPresenter.swift; sourceTree = "<group>"; };
		26DEB23726D0EC3C004681F3 /* TodayInteractor.swift */ = {isa = PBXFileReference; lastKnownFileType = sourcecode.swift; path = TodayInteractor.swift; sourceTree = "<group>"; };
		26DEB24326D0EFFD004681F3 /* TodayViewModel.swift */ = {isa = PBXFileReference; lastKnownFileType = sourcecode.swift; path = TodayViewModel.swift; sourceTree = "<group>"; };
		26DEB24926D0F11F004681F3 /* TodayViewModelMapping.swift */ = {isa = PBXFileReference; lastKnownFileType = sourcecode.swift; path = TodayViewModelMapping.swift; sourceTree = "<group>"; };
		26DEB24F26D0F36A004681F3 /* DateTimeFormatter.swift */ = {isa = PBXFileReference; lastKnownFileType = sourcecode.swift; path = DateTimeFormatter.swift; sourceTree = "<group>"; };
		26DEB26526D0FEB2004681F3 /* StringFormatting.swift */ = {isa = PBXFileReference; lastKnownFileType = sourcecode.swift; path = StringFormatting.swift; sourceTree = "<group>"; };
		26DEB28D26D10311004681F3 /* WeatherService.swift */ = {isa = PBXFileReference; lastKnownFileType = sourcecode.swift; path = WeatherService.swift; sourceTree = "<group>"; };
		26DEB29626D10470004681F3 /* ForecastPresenter.swift */ = {isa = PBXFileReference; lastKnownFileType = sourcecode.swift; path = ForecastPresenter.swift; sourceTree = "<group>"; };
		26DEB29C26D10480004681F3 /* ForecastInteractor.swift */ = {isa = PBXFileReference; lastKnownFileType = sourcecode.swift; path = ForecastInteractor.swift; sourceTree = "<group>"; };
		26DEB2A626D10497004681F3 /* ForecastViewModelMapper.swift */ = {isa = PBXFileReference; lastKnownFileType = sourcecode.swift; path = ForecastViewModelMapper.swift; sourceTree = "<group>"; };
		26DEB2AE26D104A6004681F3 /* ForecastViewModel.swift */ = {isa = PBXFileReference; lastKnownFileType = sourcecode.swift; path = ForecastViewModel.swift; sourceTree = "<group>"; };
		26DEB2C326D10A14004681F3 /* TodayInteractor.swift */ = {isa = PBXFileReference; fileEncoding = 4; lastKnownFileType = sourcecode.swift; path = TodayInteractor.swift; sourceTree = "<group>"; };
		26DEB2C826D10A19004681F3 /* TodayPresenter.swift */ = {isa = PBXFileReference; fileEncoding = 4; lastKnownFileType = sourcecode.swift; path = TodayPresenter.swift; sourceTree = "<group>"; };
		26DEB2D326D10A47004681F3 /* ForecastInteractor.swift */ = {isa = PBXFileReference; fileEncoding = 4; lastKnownFileType = sourcecode.swift; path = ForecastInteractor.swift; sourceTree = "<group>"; };
		26DEB2D826D10A4D004681F3 /* ForecastPresenter.swift */ = {isa = PBXFileReference; fileEncoding = 4; lastKnownFileType = sourcecode.swift; path = ForecastPresenter.swift; sourceTree = "<group>"; };
		30BFF822EFEFE2B3133C49BB /* Pods-SentioWeatherTests.release.xcconfig */ = {isa = PBXFileReference; includeInIndex = 1; lastKnownFileType = text.xcconfig; name = "Pods-SentioWeatherTests.release.xcconfig"; path = "Target Support Files/Pods-SentioWeatherTests/Pods-SentioWeatherTests.release.xcconfig"; sourceTree = "<group>"; };
		8FB796DCE0C2161E236C3AD4 /* Pods_SentioWeatherTests.framework */ = {isa = PBXFileReference; explicitFileType = wrapper.framework; includeInIndex = 0; path = Pods_SentioWeatherTests.framework; sourceTree = BUILT_PRODUCTS_DIR; };
		9345FD30EF62323326C03CB8 /* Pods-SentioWeather.debug.xcconfig */ = {isa = PBXFileReference; includeInIndex = 1; lastKnownFileType = text.xcconfig; name = "Pods-SentioWeather.debug.xcconfig"; path = "Target Support Files/Pods-SentioWeather/Pods-SentioWeather.debug.xcconfig"; sourceTree = "<group>"; };
		A1D5ACB652D5D9103A958290 /* Pods_SentioWeather.framework */ = {isa = PBXFileReference; explicitFileType = wrapper.framework; includeInIndex = 0; path = Pods_SentioWeather.framework; sourceTree = BUILT_PRODUCTS_DIR; };
		A83CA8D05E72B40F6588445F /* Pods-SentioWeather-SentioWeatherUITests.debug.xcconfig */ = {isa = PBXFileReference; includeInIndex = 1; lastKnownFileType = text.xcconfig; name = "Pods-SentioWeather-SentioWeatherUITests.debug.xcconfig"; path = "Target Support Files/Pods-SentioWeather-SentioWeatherUITests/Pods-SentioWeather-SentioWeatherUITests.debug.xcconfig"; sourceTree = "<group>"; };
		AAB9A05B26D0FCD2006C10F9 /* ItemWheatherInforView.swift */ = {isa = PBXFileReference; lastKnownFileType = sourcecode.swift; path = ItemWheatherInforView.swift; sourceTree = "<group>"; };
		AAB9A05D26D0FCE1006C10F9 /* ItemWheatherInforView.xib */ = {isa = PBXFileReference; lastKnownFileType = file.xib; path = ItemWheatherInforView.xib; sourceTree = "<group>"; };
		AAB9A06026D1015D006C10F9 /* TopBarView.swift */ = {isa = PBXFileReference; lastKnownFileType = sourcecode.swift; path = TopBarView.swift; sourceTree = "<group>"; };
		AAB9A06226D1016A006C10F9 /* TopBarView.xib */ = {isa = PBXFileReference; lastKnownFileType = file.xib; path = TopBarView.xib; sourceTree = "<group>"; };
		AAB9A06926D10505006C10F9 /* ForecastViewRouter.swift */ = {isa = PBXFileReference; lastKnownFileType = sourcecode.swift; path = ForecastViewRouter.swift; sourceTree = "<group>"; };
		AAC27D7C26D1482D007663F4 /* AppResource.swift */ = {isa = PBXFileReference; lastKnownFileType = sourcecode.swift; path = AppResource.swift; sourceTree = "<group>"; };
		AAC27D8326D14E4F007663F4 /* InforWeatherTableCell.swift */ = {isa = PBXFileReference; lastKnownFileType = sourcecode.swift; path = InforWeatherTableCell.swift; sourceTree = "<group>"; };
		AAC27D8426D14E4F007663F4 /* InforWeatherTableCell.xib */ = {isa = PBXFileReference; lastKnownFileType = file.xib; path = InforWeatherTableCell.xib; sourceTree = "<group>"; };
		C14B9CF00BA377FD95B483E7 /* Pods-SentioWeather.release.xcconfig */ = {isa = PBXFileReference; includeInIndex = 1; lastKnownFileType = text.xcconfig; name = "Pods-SentioWeather.release.xcconfig"; path = "Target Support Files/Pods-SentioWeather/Pods-SentioWeather.release.xcconfig"; sourceTree = "<group>"; };
		C9273B31DE6CFF52A47824FB /* Pods-SentioWeatherTests.debug.xcconfig */ = {isa = PBXFileReference; includeInIndex = 1; lastKnownFileType = text.xcconfig; name = "Pods-SentioWeatherTests.debug.xcconfig"; path = "Target Support Files/Pods-SentioWeatherTests/Pods-SentioWeatherTests.debug.xcconfig"; sourceTree = "<group>"; };
		CA336A0969AAEFFE481C5606 /* Pods-SentioWeather-SentioWeatherUITests.release.xcconfig */ = {isa = PBXFileReference; includeInIndex = 1; lastKnownFileType = text.xcconfig; name = "Pods-SentioWeather-SentioWeatherUITests.release.xcconfig"; path = "Target Support Files/Pods-SentioWeather-SentioWeatherUITests/Pods-SentioWeather-SentioWeatherUITests.release.xcconfig"; sourceTree = "<group>"; };
/* End PBXFileReference section */

/* Begin PBXFrameworksBuildPhase section */
		26D5254826D0A932005D73E6 /* Frameworks */ = {
			isa = PBXFrameworksBuildPhase;
			buildActionMask = 2147483647;
			files = (
				EDCB92494EAD764A1C58E4F5 /* Pods_SentioWeather.framework in Frameworks */,
			);
			runOnlyForDeploymentPostprocessing = 0;
		};
		26D5255E26D0A936005D73E6 /* Frameworks */ = {
			isa = PBXFrameworksBuildPhase;
			buildActionMask = 2147483647;
			files = (
				C12EDF13226C0DCF004D4DD2 /* Pods_SentioWeatherTests.framework in Frameworks */,
			);
			runOnlyForDeploymentPostprocessing = 0;
		};
		26D5256926D0A936005D73E6 /* Frameworks */ = {
			isa = PBXFrameworksBuildPhase;
			buildActionMask = 2147483647;
			files = (
				05E063B96F442782A92954E8 /* Pods_SentioWeather_SentioWeatherUITests.framework in Frameworks */,
			);
			runOnlyForDeploymentPostprocessing = 0;
		};
/* End PBXFrameworksBuildPhase section */

/* Begin PBXGroup section */
		1A6EDB28000ECADE80BECF59 /* Pods */ = {
			isa = PBXGroup;
			children = (
				9345FD30EF62323326C03CB8 /* Pods-SentioWeather.debug.xcconfig */,
				C14B9CF00BA377FD95B483E7 /* Pods-SentioWeather.release.xcconfig */,
				A83CA8D05E72B40F6588445F /* Pods-SentioWeather-SentioWeatherUITests.debug.xcconfig */,
				CA336A0969AAEFFE481C5606 /* Pods-SentioWeather-SentioWeatherUITests.release.xcconfig */,
				C9273B31DE6CFF52A47824FB /* Pods-SentioWeatherTests.debug.xcconfig */,
				30BFF822EFEFE2B3133C49BB /* Pods-SentioWeatherTests.release.xcconfig */,
			);
			path = Pods;
			sourceTree = "<group>";
		};
		263048B226D1F82900450B4E /* Location */ = {
			isa = PBXGroup;
			children = (
				263048B326D1F83800450B4E /* LocationService.swift */,
			);
			path = Location;
			sourceTree = "<group>";
		};
		263048DF26D2390C00450B4E /* Database */ = {
			isa = PBXGroup;
			children = (
				263048E026D2392200450B4E /* DatabaseService.swift */,
				263048E526D2393E00450B4E /* FirestoreService.swift */,
				2630490126D244D900450B4E /* WeatherDatabaseService.swift */,
			);
			path = Database;
			sourceTree = "<group>";
		};
		263048F826D23C0F00450B4E /* Extensions */ = {
			isa = PBXGroup;
			children = (
				263048F926D23C1F00450B4E /* Encodable+Extension.swift */,
			);
			path = Extensions;
			sourceTree = "<group>";
		};
		26D5254226D0A932005D73E6 = {
			isa = PBXGroup;
			children = (
				26D5254D26D0A932005D73E6 /* SentioWeather */,
				26D5256426D0A936005D73E6 /* SentioWeatherTests */,
				26D5256F26D0A936005D73E6 /* SentioWeatherUITests */,
				26D5254C26D0A932005D73E6 /* Products */,
				1A6EDB28000ECADE80BECF59 /* Pods */,
				4F6DE09CB83CFA716CADB625 /* Frameworks */,
				26DEB2BC26D1098C004681F3 /* Recovered References */,
			);
			sourceTree = "<group>";
		};
		26D5254C26D0A932005D73E6 /* Products */ = {
			isa = PBXGroup;
			children = (
				26D5254B26D0A932005D73E6 /* SentioWeather.app */,
				26D5256126D0A936005D73E6 /* SentioWeatherTests.xctest */,
				26D5256C26D0A936005D73E6 /* SentioWeatherUITests.xctest */,
			);
			name = Products;
			sourceTree = "<group>";
		};
		26D5254D26D0A932005D73E6 /* SentioWeather */ = {
			isa = PBXGroup;
			children = (
				263048F826D23C0F00450B4E /* Extensions */,
				AAC27D7B26D14815007663F4 /* Helper */,
				AAB9A05926D0FC40006C10F9 /* CustomView */,
				26DEB20426D0C346004681F3 /* Model */,
				26DEB20326D0C342004681F3 /* Service */,
				26DEB1A426D0B0BC004681F3 /* AppModule */,
				26D5254E26D0A932005D73E6 /* AppDelegate.swift */,
				26D5255226D0A932005D73E6 /* ViewController.swift */,
				26D5255426D0A932005D73E6 /* Main.storyboard */,
				26D5255726D0A935005D73E6 /* Assets.xcassets */,
				26D5255926D0A935005D73E6 /* LaunchScreen.storyboard */,
				26D5255C26D0A935005D73E6 /* Info.plist */,
				263048EA26D23A6D00450B4E /* GoogleService-Info.plist */,
			);
			path = SentioWeather;
			sourceTree = "<group>";
		};
		26D5256426D0A936005D73E6 /* SentioWeatherTests */ = {
			isa = PBXGroup;
			children = (
				26D5256526D0A936005D73E6 /* SentioWeatherTests.swift */,
				26D5256726D0A936005D73E6 /* Info.plist */,
			);
			path = SentioWeatherTests;
			sourceTree = "<group>";
		};
		26D5256F26D0A936005D73E6 /* SentioWeatherUITests */ = {
			isa = PBXGroup;
			children = (
				26D5257026D0A936005D73E6 /* SentioWeatherUITests.swift */,
				26D5257226D0A936005D73E6 /* Info.plist */,
			);
			path = SentioWeatherUITests;
			sourceTree = "<group>";
		};
		26DEB1A426D0B0BC004681F3 /* AppModule */ = {
			isa = PBXGroup;
			children = (
				26DEB1B226D0B24B004681F3 /* Forecast */,
				26DEB1B126D0B243004681F3 /* Today */,
				26DEB1B026D0B23B004681F3 /* WeatherTab */,
			);
			path = AppModule;
			sourceTree = "<group>";
		};
		26DEB1B026D0B23B004681F3 /* WeatherTab */ = {
			isa = PBXGroup;
			children = (
				26DEB1F426D0BF56004681F3 /* Builder */,
				26DEB1C926D0BC5A004681F3 /* Router */,
				26DEB1C326D0BBC6004681F3 /* Presenter */,
				26DEB1B326D0B97D004681F3 /* View */,
			);
			path = WeatherTab;
			sourceTree = "<group>";
		};
		26DEB1B126D0B243004681F3 /* Today */ = {
			isa = PBXGroup;
			children = (
				26DEB24826D0F115004681F3 /* Mapper */,
				26DEB24226D0EFF1004681F3 /* ViewModel */,
				AAB9A05226D0EB9C006C10F9 /* Interactor */,
				AAB9A05126D0EB92006C10F9 /* Presenter */,
				AAB9A05026D0EB80006C10F9 /* Router */,
				26DEB1D926D0BE79004681F3 /* View */,
				26DEB1D226D0BE21004681F3 /* Builder */,
			);
			path = Today;
			sourceTree = "<group>";
		};
		26DEB1B226D0B24B004681F3 /* Forecast */ = {
			isa = PBXGroup;
			children = (
				AAC27D7E26D14D92007663F4 /* TableCell */,
				26DEB2A526D1048A004681F3 /* Mapper */,
				26DEB2A426D10484004681F3 /* ViewModel */,
				AAB9A06626D1046D006C10F9 /* Interactor */,
				AAB9A06526D10465006C10F9 /* Router */,
				AAB9A06426D10459006C10F9 /* Presenter */,
				26DEB1E926D0BEB4004681F3 /* View */,
				26DEB1D326D0BE25004681F3 /* Builder */,
			);
			path = Forecast;
			sourceTree = "<group>";
		};
		26DEB1B326D0B97D004681F3 /* View */ = {
			isa = PBXGroup;
			children = (
				26DEB1BC26D0BA42004681F3 /* WeatherTabViewController.swift */,
				26DEB1BD26D0BA42004681F3 /* WeatherTabViewController.xib */,
			);
			path = View;
			sourceTree = "<group>";
		};
		26DEB1C326D0BBC6004681F3 /* Presenter */ = {
			isa = PBXGroup;
			children = (
				26DEB1C426D0BBDA004681F3 /* WeatherTabPresenter.swift */,
			);
			path = Presenter;
			sourceTree = "<group>";
		};
		26DEB1C926D0BC5A004681F3 /* Router */ = {
			isa = PBXGroup;
			children = (
				26DEB1CA26D0BC69004681F3 /* WeatherTabRouter.swift */,
			);
			path = Router;
			sourceTree = "<group>";
		};
		26DEB1D226D0BE21004681F3 /* Builder */ = {
			isa = PBXGroup;
			children = (
				26DEB1D426D0BE3B004681F3 /* TodayBuilder.swift */,
			);
			path = Builder;
			sourceTree = "<group>";
		};
		26DEB1D326D0BE25004681F3 /* Builder */ = {
			isa = PBXGroup;
			children = (
				26DEB1E426D0BEAD004681F3 /* ForecastBuilder.swift */,
			);
			path = Builder;
			sourceTree = "<group>";
		};
		26DEB1D926D0BE79004681F3 /* View */ = {
			isa = PBXGroup;
			children = (
				26DEB1DA26D0BE87004681F3 /* TodayViewController.swift */,
				26DEB1DB26D0BE87004681F3 /* TodayViewController.xib */,
			);
			path = View;
			sourceTree = "<group>";
		};
		26DEB1E926D0BEB4004681F3 /* View */ = {
			isa = PBXGroup;
			children = (
				26DEB1EA26D0BEC0004681F3 /* ForecastViewController.swift */,
				26DEB1EB26D0BEC0004681F3 /* ForecastViewController.xib */,
			);
			path = View;
			sourceTree = "<group>";
		};
		26DEB1F426D0BF56004681F3 /* Builder */ = {
			isa = PBXGroup;
			children = (
				26DEB1F526D0BF64004681F3 /* WeatherTabBuilder.swift */,
			);
			path = Builder;
			sourceTree = "<group>";
		};
		26DEB20326D0C342004681F3 /* Service */ = {
			isa = PBXGroup;
			children = (
				263048B226D1F82900450B4E /* Location */,
				263048DF26D2390C00450B4E /* Database */,
				26DEB28C26D10306004681F3 /* Weather */,
				26DEB26426D0FE9A004681F3 /* StringFomatter */,
				26DEB24E26D0F360004681F3 /* DateTime */,
				26DEB21226D0C672004681F3 /* Network */,
				26DEB20B26D0C61C004681F3 /* Repository */,
				26DEB20526D0C35B004681F3 /* Dependency */,
			);
			path = Service;
			sourceTree = "<group>";
		};
		26DEB20426D0C346004681F3 /* Model */ = {
			isa = PBXGroup;
			children = (
				26DEB22526D0CBDC004681F3 /* Network */,
			);
			path = Model;
			sourceTree = "<group>";
		};
		26DEB20526D0C35B004681F3 /* Dependency */ = {
			isa = PBXGroup;
			children = (
				26DEB20626D0C3C7004681F3 /* DependencyContainer.swift */,
			);
			path = Dependency;
			sourceTree = "<group>";
		};
		26DEB20B26D0C61C004681F3 /* Repository */ = {
			isa = PBXGroup;
			children = (
				26DEB20C26D0C62A004681F3 /* Weather */,
			);
			path = Repository;
			sourceTree = "<group>";
		};
		26DEB20C26D0C62A004681F3 /* Weather */ = {
			isa = PBXGroup;
			children = (
				26DEB20D26D0C63C004681F3 /* WeatherRepository.swift */,
				26DEB21B26D0C9A7004681F3 /* WeatherResource.swift */,
			);
			path = Weather;
			sourceTree = "<group>";
		};
		26DEB21226D0C672004681F3 /* Network */ = {
			isa = PBXGroup;
			children = (
				26DEB21326D0C67B004681F3 /* RestClient.swift */,
				26DEB22026D0CA29004681F3 /* BaseTargetType.swift */,
			);
			path = Network;
			sourceTree = "<group>";
		};
		26DEB22526D0CBDC004681F3 /* Network */ = {
			isa = PBXGroup;
			children = (
				26DEB22626D0CBE7004681F3 /* FetchWeatherRequest.swift */,
				26DEB22B26D0CD38004681F3 /* WeatherResponse.swift */,
			);
			path = Network;
			sourceTree = "<group>";
		};
		26DEB24226D0EFF1004681F3 /* ViewModel */ = {
			isa = PBXGroup;
			children = (
				26DEB24326D0EFFD004681F3 /* TodayViewModel.swift */,
			);
			path = ViewModel;
			sourceTree = "<group>";
		};
		26DEB24826D0F115004681F3 /* Mapper */ = {
			isa = PBXGroup;
			children = (
				26DEB24926D0F11F004681F3 /* TodayViewModelMapping.swift */,
			);
			path = Mapper;
			sourceTree = "<group>";
		};
		26DEB24E26D0F360004681F3 /* DateTime */ = {
			isa = PBXGroup;
			children = (
				26DEB24F26D0F36A004681F3 /* DateTimeFormatter.swift */,
			);
			path = DateTime;
			sourceTree = "<group>";
		};
		26DEB26426D0FE9A004681F3 /* StringFomatter */ = {
			isa = PBXGroup;
			children = (
				26DEB26526D0FEB2004681F3 /* StringFormatting.swift */,
			);
			path = StringFomatter;
			sourceTree = "<group>";
		};
		26DEB28C26D10306004681F3 /* Weather */ = {
			isa = PBXGroup;
			children = (
				26DEB28D26D10311004681F3 /* WeatherService.swift */,
			);
			path = Weather;
			sourceTree = "<group>";
		};
		26DEB2A426D10484004681F3 /* ViewModel */ = {
			isa = PBXGroup;
			children = (
				26DEB2AE26D104A6004681F3 /* ForecastViewModel.swift */,
			);
			path = ViewModel;
			sourceTree = "<group>";
		};
		26DEB2A526D1048A004681F3 /* Mapper */ = {
			isa = PBXGroup;
			children = (
				26DEB2A626D10497004681F3 /* ForecastViewModelMapper.swift */,
			);
			path = Mapper;
			sourceTree = "<group>";
		};
		26DEB2BC26D1098C004681F3 /* Recovered References */ = {
			isa = PBXGroup;
			children = (
				26DEB29626D10470004681F3 /* ForecastPresenter.swift */,
				26DEB23726D0EC3C004681F3 /* TodayInteractor.swift */,
				26DEB23126D0EBE0004681F3 /* TodayPresenter.swift */,
				26DEB29C26D10480004681F3 /* ForecastInteractor.swift */,
			);
			name = "Recovered References";
			sourceTree = "<group>";
		};
		4F6DE09CB83CFA716CADB625 /* Frameworks */ = {
			isa = PBXGroup;
			children = (
				A1D5ACB652D5D9103A958290 /* Pods_SentioWeather.framework */,
				0AECAB546BB8607E84D463A1 /* Pods_SentioWeather_SentioWeatherUITests.framework */,
				8FB796DCE0C2161E236C3AD4 /* Pods_SentioWeatherTests.framework */,
			);
			name = Frameworks;
			sourceTree = "<group>";
		};
		AAB9A05026D0EB80006C10F9 /* Router */ = {
			isa = PBXGroup;
			children = (
			);
			path = Router;
			sourceTree = "<group>";
		};
		AAB9A05126D0EB92006C10F9 /* Presenter */ = {
			isa = PBXGroup;
			children = (
				26DEB2C826D10A19004681F3 /* TodayPresenter.swift */,
			);
			path = Presenter;
			sourceTree = "<group>";
		};
		AAB9A05226D0EB9C006C10F9 /* Interactor */ = {
			isa = PBXGroup;
			children = (
				26DEB2C326D10A14004681F3 /* TodayInteractor.swift */,
			);
			path = Interactor;
			sourceTree = "<group>";
		};
		AAB9A05926D0FC40006C10F9 /* CustomView */ = {
			isa = PBXGroup;
			children = (
				AAB9A05F26D1012E006C10F9 /* TopBarView */,
				AAB9A05A26D0FCB3006C10F9 /* ItemWheatherInforView */,
			);
			path = CustomView;
			sourceTree = "<group>";
		};
		AAB9A05A26D0FCB3006C10F9 /* ItemWheatherInforView */ = {
			isa = PBXGroup;
			children = (
				AAB9A05B26D0FCD2006C10F9 /* ItemWheatherInforView.swift */,
				AAB9A05D26D0FCE1006C10F9 /* ItemWheatherInforView.xib */,
			);
			path = ItemWheatherInforView;
			sourceTree = "<group>";
		};
		AAB9A05F26D1012E006C10F9 /* TopBarView */ = {
			isa = PBXGroup;
			children = (
				AAB9A06026D1015D006C10F9 /* TopBarView.swift */,
				AAB9A06226D1016A006C10F9 /* TopBarView.xib */,
			);
			path = TopBarView;
			sourceTree = "<group>";
		};
		AAB9A06426D10459006C10F9 /* Presenter */ = {
			isa = PBXGroup;
			children = (
				26DEB2D826D10A4D004681F3 /* ForecastPresenter.swift */,
			);
			path = Presenter;
			sourceTree = "<group>";
		};
		AAB9A06526D10465006C10F9 /* Router */ = {
			isa = PBXGroup;
			children = (
				AAB9A06926D10505006C10F9 /* ForecastViewRouter.swift */,
			);
			path = Router;
			sourceTree = "<group>";
		};
		AAB9A06626D1046D006C10F9 /* Interactor */ = {
			isa = PBXGroup;
			children = (
				26DEB2D326D10A47004681F3 /* ForecastInteractor.swift */,
			);
			path = Interactor;
			sourceTree = "<group>";
		};
		AAC27D7B26D14815007663F4 /* Helper */ = {
			isa = PBXGroup;
			children = (
				AAC27D7C26D1482D007663F4 /* AppResource.swift */,
			);
			path = Helper;
			sourceTree = "<group>";
		};
		AAC27D7E26D14D92007663F4 /* TableCell */ = {
			isa = PBXGroup;
			children = (
				AAC27D8326D14E4F007663F4 /* InforWeatherTableCell.swift */,
				AAC27D8426D14E4F007663F4 /* InforWeatherTableCell.xib */,
			);
			path = TableCell;
			sourceTree = "<group>";
		};
/* End PBXGroup section */

/* Begin PBXNativeTarget section */
		26D5254A26D0A932005D73E6 /* SentioWeather */ = {
			isa = PBXNativeTarget;
			buildConfigurationList = 26D5257526D0A936005D73E6 /* Build configuration list for PBXNativeTarget "SentioWeather" */;
			buildPhases = (
				126F5237524BB1C76BECF667 /* [CP] Check Pods Manifest.lock */,
				26D5254726D0A932005D73E6 /* Sources */,
				26D5254826D0A932005D73E6 /* Frameworks */,
				26D5254926D0A932005D73E6 /* Resources */,
				A708DB751B1CBA280AC453AF /* [CP] Embed Pods Frameworks */,
				26DEB27326D0FFF5004681F3 /* ShellScript */,
			);
			buildRules = (
			);
			dependencies = (
			);
			name = SentioWeather;
			productName = SentioWeather;
			productReference = 26D5254B26D0A932005D73E6 /* SentioWeather.app */;
			productType = "com.apple.product-type.application";
		};
		26D5256026D0A936005D73E6 /* SentioWeatherTests */ = {
			isa = PBXNativeTarget;
			buildConfigurationList = 26D5257826D0A936005D73E6 /* Build configuration list for PBXNativeTarget "SentioWeatherTests" */;
			buildPhases = (
				5F29273DD7F85DB0D49567CE /* [CP] Check Pods Manifest.lock */,
				26D5255D26D0A936005D73E6 /* Sources */,
				26D5255E26D0A936005D73E6 /* Frameworks */,
				26D5255F26D0A936005D73E6 /* Resources */,
			);
			buildRules = (
			);
			dependencies = (
				26D5256326D0A936005D73E6 /* PBXTargetDependency */,
			);
			name = SentioWeatherTests;
			productName = SentioWeatherTests;
			productReference = 26D5256126D0A936005D73E6 /* SentioWeatherTests.xctest */;
			productType = "com.apple.product-type.bundle.unit-test";
		};
		26D5256B26D0A936005D73E6 /* SentioWeatherUITests */ = {
			isa = PBXNativeTarget;
			buildConfigurationList = 26D5257B26D0A936005D73E6 /* Build configuration list for PBXNativeTarget "SentioWeatherUITests" */;
			buildPhases = (
				C00DCAF09525864F2658186C /* [CP] Check Pods Manifest.lock */,
				26D5256826D0A936005D73E6 /* Sources */,
				26D5256926D0A936005D73E6 /* Frameworks */,
				26D5256A26D0A936005D73E6 /* Resources */,
				91D59DD9D2CE6AB2B17EA01D /* [CP] Embed Pods Frameworks */,
			);
			buildRules = (
			);
			dependencies = (
				26D5256E26D0A936005D73E6 /* PBXTargetDependency */,
			);
			name = SentioWeatherUITests;
			productName = SentioWeatherUITests;
			productReference = 26D5256C26D0A936005D73E6 /* SentioWeatherUITests.xctest */;
			productType = "com.apple.product-type.bundle.ui-testing";
		};
/* End PBXNativeTarget section */

/* Begin PBXProject section */
		26D5254326D0A932005D73E6 /* Project object */ = {
			isa = PBXProject;
			attributes = {
				LastSwiftUpdateCheck = 1240;
				LastUpgradeCheck = 1240;
				TargetAttributes = {
					26D5254A26D0A932005D73E6 = {
						CreatedOnToolsVersion = 12.4;
					};
					26D5256026D0A936005D73E6 = {
						CreatedOnToolsVersion = 12.4;
						TestTargetID = 26D5254A26D0A932005D73E6;
					};
					26D5256B26D0A936005D73E6 = {
						CreatedOnToolsVersion = 12.4;
						TestTargetID = 26D5254A26D0A932005D73E6;
					};
				};
			};
			buildConfigurationList = 26D5254626D0A932005D73E6 /* Build configuration list for PBXProject "SentioWeather" */;
			compatibilityVersion = "Xcode 9.3";
			developmentRegion = en;
			hasScannedForEncodings = 0;
			knownRegions = (
				en,
				Base,
			);
			mainGroup = 26D5254226D0A932005D73E6;
			productRefGroup = 26D5254C26D0A932005D73E6 /* Products */;
			projectDirPath = "";
			projectRoot = "";
			targets = (
				26D5254A26D0A932005D73E6 /* SentioWeather */,
				26D5256026D0A936005D73E6 /* SentioWeatherTests */,
				26D5256B26D0A936005D73E6 /* SentioWeatherUITests */,
			);
		};
/* End PBXProject section */

/* Begin PBXResourcesBuildPhase section */
		26D5254926D0A932005D73E6 /* Resources */ = {
			isa = PBXResourcesBuildPhase;
			buildActionMask = 2147483647;
			files = (
				26DEB1DD26D0BE87004681F3 /* TodayViewController.xib in Resources */,
				26D5255B26D0A935005D73E6 /* LaunchScreen.storyboard in Resources */,
				AAB9A06326D1016A006C10F9 /* TopBarView.xib in Resources */,
				26DEB1ED26D0BEC0004681F3 /* ForecastViewController.xib in Resources */,
				263048EB26D23A6D00450B4E /* GoogleService-Info.plist in Resources */,
				AAC27D8626D14E4F007663F4 /* InforWeatherTableCell.xib in Resources */,
				26D5255826D0A935005D73E6 /* Assets.xcassets in Resources */,
				26D5255626D0A932005D73E6 /* Main.storyboard in Resources */,
				AAB9A05E26D0FCE1006C10F9 /* ItemWheatherInforView.xib in Resources */,
				26DEB1BF26D0BA42004681F3 /* WeatherTabViewController.xib in Resources */,
			);
			runOnlyForDeploymentPostprocessing = 0;
		};
		26D5255F26D0A936005D73E6 /* Resources */ = {
			isa = PBXResourcesBuildPhase;
			buildActionMask = 2147483647;
			files = (
			);
			runOnlyForDeploymentPostprocessing = 0;
		};
		26D5256A26D0A936005D73E6 /* Resources */ = {
			isa = PBXResourcesBuildPhase;
			buildActionMask = 2147483647;
			files = (
			);
			runOnlyForDeploymentPostprocessing = 0;
		};
/* End PBXResourcesBuildPhase section */

/* Begin PBXShellScriptBuildPhase section */
		126F5237524BB1C76BECF667 /* [CP] Check Pods Manifest.lock */ = {
			isa = PBXShellScriptBuildPhase;
			buildActionMask = 2147483647;
			files = (
			);
			inputFileListPaths = (
			);
			inputPaths = (
				"${PODS_PODFILE_DIR_PATH}/Podfile.lock",
				"${PODS_ROOT}/Manifest.lock",
			);
			name = "[CP] Check Pods Manifest.lock";
			outputFileListPaths = (
			);
			outputPaths = (
				"$(DERIVED_FILE_DIR)/Pods-SentioWeather-checkManifestLockResult.txt",
			);
			runOnlyForDeploymentPostprocessing = 0;
			shellPath = /bin/sh;
			shellScript = "diff \"${PODS_PODFILE_DIR_PATH}/Podfile.lock\" \"${PODS_ROOT}/Manifest.lock\" > /dev/null\nif [ $? != 0 ] ; then\n    # print error to STDERR\n    echo \"error: The sandbox is not in sync with the Podfile.lock. Run 'pod install' or update your CocoaPods installation.\" >&2\n    exit 1\nfi\n# This output is used by Xcode 'outputs' to avoid re-running this script phase.\necho \"SUCCESS\" > \"${SCRIPT_OUTPUT_FILE_0}\"\n";
			showEnvVarsInLog = 0;
		};
		26DEB27326D0FFF5004681F3 /* ShellScript */ = {
			isa = PBXShellScriptBuildPhase;
			buildActionMask = 2147483647;
			files = (
			);
			inputFileListPaths = (
			);
			inputPaths = (
			);
			outputFileListPaths = (
			);
			outputPaths = (
			);
			runOnlyForDeploymentPostprocessing = 0;
			shellPath = /bin/sh;
			shellScript = "if which swiftlint >/dev/null; then\n  ${PODS_ROOT}/SwiftLint/swiftlint --config \"${PROJECT_DIR}/.swiftlint.yml\" --strict\nelse\n  echo \"warning: SwiftLint not installed, download from https://github.com/realm/SwiftLint\"\nfi\n";
		};
		5F29273DD7F85DB0D49567CE /* [CP] Check Pods Manifest.lock */ = {
			isa = PBXShellScriptBuildPhase;
			buildActionMask = 2147483647;
			files = (
			);
			inputFileListPaths = (
			);
			inputPaths = (
				"${PODS_PODFILE_DIR_PATH}/Podfile.lock",
				"${PODS_ROOT}/Manifest.lock",
			);
			name = "[CP] Check Pods Manifest.lock";
			outputFileListPaths = (
			);
			outputPaths = (
				"$(DERIVED_FILE_DIR)/Pods-SentioWeatherTests-checkManifestLockResult.txt",
			);
			runOnlyForDeploymentPostprocessing = 0;
			shellPath = /bin/sh;
			shellScript = "diff \"${PODS_PODFILE_DIR_PATH}/Podfile.lock\" \"${PODS_ROOT}/Manifest.lock\" > /dev/null\nif [ $? != 0 ] ; then\n    # print error to STDERR\n    echo \"error: The sandbox is not in sync with the Podfile.lock. Run 'pod install' or update your CocoaPods installation.\" >&2\n    exit 1\nfi\n# This output is used by Xcode 'outputs' to avoid re-running this script phase.\necho \"SUCCESS\" > \"${SCRIPT_OUTPUT_FILE_0}\"\n";
			showEnvVarsInLog = 0;
		};
		91D59DD9D2CE6AB2B17EA01D /* [CP] Embed Pods Frameworks */ = {
			isa = PBXShellScriptBuildPhase;
			buildActionMask = 2147483647;
			files = (
			);
			inputFileListPaths = (
				"${PODS_ROOT}/Target Support Files/Pods-SentioWeather-SentioWeatherUITests/Pods-SentioWeather-SentioWeatherUITests-frameworks-${CONFIGURATION}-input-files.xcfilelist",
			);
			name = "[CP] Embed Pods Frameworks";
			outputFileListPaths = (
				"${PODS_ROOT}/Target Support Files/Pods-SentioWeather-SentioWeatherUITests/Pods-SentioWeather-SentioWeatherUITests-frameworks-${CONFIGURATION}-output-files.xcfilelist",
			);
			runOnlyForDeploymentPostprocessing = 0;
			shellPath = /bin/sh;
			shellScript = "\"${PODS_ROOT}/Target Support Files/Pods-SentioWeather-SentioWeatherUITests/Pods-SentioWeather-SentioWeatherUITests-frameworks.sh\"\n";
			showEnvVarsInLog = 0;
		};
		A708DB751B1CBA280AC453AF /* [CP] Embed Pods Frameworks */ = {
			isa = PBXShellScriptBuildPhase;
			buildActionMask = 2147483647;
			files = (
			);
			inputFileListPaths = (
				"${PODS_ROOT}/Target Support Files/Pods-SentioWeather/Pods-SentioWeather-frameworks-${CONFIGURATION}-input-files.xcfilelist",
			);
			name = "[CP] Embed Pods Frameworks";
			outputFileListPaths = (
				"${PODS_ROOT}/Target Support Files/Pods-SentioWeather/Pods-SentioWeather-frameworks-${CONFIGURATION}-output-files.xcfilelist",
			);
			runOnlyForDeploymentPostprocessing = 0;
			shellPath = /bin/sh;
			shellScript = "\"${PODS_ROOT}/Target Support Files/Pods-SentioWeather/Pods-SentioWeather-frameworks.sh\"\n";
			showEnvVarsInLog = 0;
		};
		C00DCAF09525864F2658186C /* [CP] Check Pods Manifest.lock */ = {
			isa = PBXShellScriptBuildPhase;
			buildActionMask = 2147483647;
			files = (
			);
			inputFileListPaths = (
			);
			inputPaths = (
				"${PODS_PODFILE_DIR_PATH}/Podfile.lock",
				"${PODS_ROOT}/Manifest.lock",
			);
			name = "[CP] Check Pods Manifest.lock";
			outputFileListPaths = (
			);
			outputPaths = (
				"$(DERIVED_FILE_DIR)/Pods-SentioWeather-SentioWeatherUITests-checkManifestLockResult.txt",
			);
			runOnlyForDeploymentPostprocessing = 0;
			shellPath = /bin/sh;
			shellScript = "diff \"${PODS_PODFILE_DIR_PATH}/Podfile.lock\" \"${PODS_ROOT}/Manifest.lock\" > /dev/null\nif [ $? != 0 ] ; then\n    # print error to STDERR\n    echo \"error: The sandbox is not in sync with the Podfile.lock. Run 'pod install' or update your CocoaPods installation.\" >&2\n    exit 1\nfi\n# This output is used by Xcode 'outputs' to avoid re-running this script phase.\necho \"SUCCESS\" > \"${SCRIPT_OUTPUT_FILE_0}\"\n";
			showEnvVarsInLog = 0;
		};
/* End PBXShellScriptBuildPhase section */

/* Begin PBXSourcesBuildPhase section */
		26D5254726D0A932005D73E6 /* Sources */ = {
			isa = PBXSourcesBuildPhase;
			buildActionMask = 2147483647;
			files = (
				AAB9A06A26D10505006C10F9 /* ForecastViewRouter.swift in Sources */,
				26DEB1F626D0BF64004681F3 /* WeatherTabBuilder.swift in Sources */,
				26DEB25026D0F36A004681F3 /* DateTimeFormatter.swift in Sources */,
				263048FA26D23C1F00450B4E /* Encodable+Extension.swift in Sources */,
				26DEB2A726D10497004681F3 /* ForecastViewModelMapper.swift in Sources */,
				2630490226D244D900450B4E /* WeatherDatabaseService.swift in Sources */,
				26DEB1CB26D0BC69004681F3 /* WeatherTabRouter.swift in Sources */,
				26DEB28E26D10311004681F3 /* WeatherService.swift in Sources */,
				AAC27D8526D14E4F007663F4 /* InforWeatherTableCell.swift in Sources */,
				26DEB21C26D0C9A7004681F3 /* WeatherResource.swift in Sources */,
				26DEB1DC26D0BE87004681F3 /* TodayViewController.swift in Sources */,
				26DEB22C26D0CD38004681F3 /* WeatherResponse.swift in Sources */,
				AAB9A05C26D0FCD2006C10F9 /* ItemWheatherInforView.swift in Sources */,
				26DEB2C926D10A19004681F3 /* TodayPresenter.swift in Sources */,
				26DEB1DC26D0BE87004681F3 /* TodayViewController.swift in Sources */,
				26DEB1D526D0BE3B004681F3 /* TodayBuilder.swift in Sources */,
				26DEB22126D0CA29004681F3 /* BaseTargetType.swift in Sources */,
				26DEB24A26D0F11F004681F3 /* TodayViewModelMapping.swift in Sources */,
				26DEB1EC26D0BEC0004681F3 /* ForecastViewController.swift in Sources */,
				26DEB2D926D10A4D004681F3 /* ForecastPresenter.swift in Sources */,
				26DEB22726D0CBE7004681F3 /* FetchWeatherRequest.swift in Sources */,
				26DEB20726D0C3C7004681F3 /* DependencyContainer.swift in Sources */,
				26DEB20E26D0C63C004681F3 /* WeatherRepository.swift in Sources */,
				26DEB26626D0FEB2004681F3 /* StringFormatting.swift in Sources */,
				263048E126D2392200450B4E /* DatabaseService.swift in Sources */,
				26DEB2AF26D104A6004681F3 /* ForecastViewModel.swift in Sources */,
				26DEB24426D0EFFD004681F3 /* TodayViewModel.swift in Sources */,
				26DEB21426D0C67B004681F3 /* RestClient.swift in Sources */,
				26D5255326D0A932005D73E6 /* ViewController.swift in Sources */,
				26DEB1BE26D0BA42004681F3 /* WeatherTabViewController.swift in Sources */,
				263048E626D2393E00450B4E /* FirestoreService.swift in Sources */,
				26D5254F26D0A932005D73E6 /* AppDelegate.swift in Sources */,
				AAB9A06126D1015D006C10F9 /* TopBarView.swift in Sources */,
				263048B426D1F83800450B4E /* LocationService.swift in Sources */,
				26DEB2D426D10A47004681F3 /* ForecastInteractor.swift in Sources */,
				26DEB1E526D0BEAD004681F3 /* ForecastBuilder.swift in Sources */,
				26DEB1C526D0BBDA004681F3 /* WeatherTabPresenter.swift in Sources */,
				AAC27D7D26D1482D007663F4 /* AppResource.swift in Sources */,
				26DEB2C426D10A14004681F3 /* TodayInteractor.swift in Sources */,
			);
			runOnlyForDeploymentPostprocessing = 0;
		};
		26D5255D26D0A936005D73E6 /* Sources */ = {
			isa = PBXSourcesBuildPhase;
			buildActionMask = 2147483647;
			files = (
				26D5256626D0A936005D73E6 /* SentioWeatherTests.swift in Sources */,
			);
			runOnlyForDeploymentPostprocessing = 0;
		};
		26D5256826D0A936005D73E6 /* Sources */ = {
			isa = PBXSourcesBuildPhase;
			buildActionMask = 2147483647;
			files = (
				26D5257126D0A936005D73E6 /* SentioWeatherUITests.swift in Sources */,
			);
			runOnlyForDeploymentPostprocessing = 0;
		};
/* End PBXSourcesBuildPhase section */

/* Begin PBXTargetDependency section */
		26D5256326D0A936005D73E6 /* PBXTargetDependency */ = {
			isa = PBXTargetDependency;
			target = 26D5254A26D0A932005D73E6 /* SentioWeather */;
			targetProxy = 26D5256226D0A936005D73E6 /* PBXContainerItemProxy */;
		};
		26D5256E26D0A936005D73E6 /* PBXTargetDependency */ = {
			isa = PBXTargetDependency;
			target = 26D5254A26D0A932005D73E6 /* SentioWeather */;
			targetProxy = 26D5256D26D0A936005D73E6 /* PBXContainerItemProxy */;
		};
/* End PBXTargetDependency section */

/* Begin PBXVariantGroup section */
		26D5255426D0A932005D73E6 /* Main.storyboard */ = {
			isa = PBXVariantGroup;
			children = (
				26D5255526D0A932005D73E6 /* Base */,
			);
			name = Main.storyboard;
			sourceTree = "<group>";
		};
		26D5255926D0A935005D73E6 /* LaunchScreen.storyboard */ = {
			isa = PBXVariantGroup;
			children = (
				26D5255A26D0A935005D73E6 /* Base */,
			);
			name = LaunchScreen.storyboard;
			sourceTree = "<group>";
		};
/* End PBXVariantGroup section */

/* Begin XCBuildConfiguration section */
		26D5257326D0A936005D73E6 /* Debug */ = {
			isa = XCBuildConfiguration;
			buildSettings = {
				ALWAYS_SEARCH_USER_PATHS = NO;
				CLANG_ANALYZER_NONNULL = YES;
				CLANG_ANALYZER_NUMBER_OBJECT_CONVERSION = YES_AGGRESSIVE;
				CLANG_CXX_LANGUAGE_STANDARD = "gnu++14";
				CLANG_CXX_LIBRARY = "libc++";
				CLANG_ENABLE_MODULES = YES;
				CLANG_ENABLE_OBJC_ARC = YES;
				CLANG_ENABLE_OBJC_WEAK = YES;
				CLANG_WARN_BLOCK_CAPTURE_AUTORELEASING = YES;
				CLANG_WARN_BOOL_CONVERSION = YES;
				CLANG_WARN_COMMA = YES;
				CLANG_WARN_CONSTANT_CONVERSION = YES;
				CLANG_WARN_DEPRECATED_OBJC_IMPLEMENTATIONS = YES;
				CLANG_WARN_DIRECT_OBJC_ISA_USAGE = YES_ERROR;
				CLANG_WARN_DOCUMENTATION_COMMENTS = YES;
				CLANG_WARN_EMPTY_BODY = YES;
				CLANG_WARN_ENUM_CONVERSION = YES;
				CLANG_WARN_INFINITE_RECURSION = YES;
				CLANG_WARN_INT_CONVERSION = YES;
				CLANG_WARN_NON_LITERAL_NULL_CONVERSION = YES;
				CLANG_WARN_OBJC_IMPLICIT_RETAIN_SELF = YES;
				CLANG_WARN_OBJC_LITERAL_CONVERSION = YES;
				CLANG_WARN_OBJC_ROOT_CLASS = YES_ERROR;
				CLANG_WARN_QUOTED_INCLUDE_IN_FRAMEWORK_HEADER = YES;
				CLANG_WARN_RANGE_LOOP_ANALYSIS = YES;
				CLANG_WARN_STRICT_PROTOTYPES = YES;
				CLANG_WARN_SUSPICIOUS_MOVE = YES;
				CLANG_WARN_UNGUARDED_AVAILABILITY = YES_AGGRESSIVE;
				CLANG_WARN_UNREACHABLE_CODE = YES;
				CLANG_WARN__DUPLICATE_METHOD_MATCH = YES;
				COPY_PHASE_STRIP = NO;
				DEBUG_INFORMATION_FORMAT = dwarf;
				ENABLE_STRICT_OBJC_MSGSEND = YES;
				ENABLE_TESTABILITY = YES;
				GCC_C_LANGUAGE_STANDARD = gnu11;
				GCC_DYNAMIC_NO_PIC = NO;
				GCC_NO_COMMON_BLOCKS = YES;
				GCC_OPTIMIZATION_LEVEL = 0;
				GCC_PREPROCESSOR_DEFINITIONS = (
					"DEBUG=1",
					"$(inherited)",
				);
				GCC_WARN_64_TO_32_BIT_CONVERSION = YES;
				GCC_WARN_ABOUT_RETURN_TYPE = YES_ERROR;
				GCC_WARN_UNDECLARED_SELECTOR = YES;
				GCC_WARN_UNINITIALIZED_AUTOS = YES_AGGRESSIVE;
				GCC_WARN_UNUSED_FUNCTION = YES;
				GCC_WARN_UNUSED_VARIABLE = YES;
				IPHONEOS_DEPLOYMENT_TARGET = 14.4;
				MTL_ENABLE_DEBUG_INFO = INCLUDE_SOURCE;
				MTL_FAST_MATH = YES;
				ONLY_ACTIVE_ARCH = YES;
				SDKROOT = iphoneos;
				SWIFT_ACTIVE_COMPILATION_CONDITIONS = DEBUG;
				SWIFT_OPTIMIZATION_LEVEL = "-Onone";
			};
			name = Debug;
		};
		26D5257426D0A936005D73E6 /* Release */ = {
			isa = XCBuildConfiguration;
			buildSettings = {
				ALWAYS_SEARCH_USER_PATHS = NO;
				CLANG_ANALYZER_NONNULL = YES;
				CLANG_ANALYZER_NUMBER_OBJECT_CONVERSION = YES_AGGRESSIVE;
				CLANG_CXX_LANGUAGE_STANDARD = "gnu++14";
				CLANG_CXX_LIBRARY = "libc++";
				CLANG_ENABLE_MODULES = YES;
				CLANG_ENABLE_OBJC_ARC = YES;
				CLANG_ENABLE_OBJC_WEAK = YES;
				CLANG_WARN_BLOCK_CAPTURE_AUTORELEASING = YES;
				CLANG_WARN_BOOL_CONVERSION = YES;
				CLANG_WARN_COMMA = YES;
				CLANG_WARN_CONSTANT_CONVERSION = YES;
				CLANG_WARN_DEPRECATED_OBJC_IMPLEMENTATIONS = YES;
				CLANG_WARN_DIRECT_OBJC_ISA_USAGE = YES_ERROR;
				CLANG_WARN_DOCUMENTATION_COMMENTS = YES;
				CLANG_WARN_EMPTY_BODY = YES;
				CLANG_WARN_ENUM_CONVERSION = YES;
				CLANG_WARN_INFINITE_RECURSION = YES;
				CLANG_WARN_INT_CONVERSION = YES;
				CLANG_WARN_NON_LITERAL_NULL_CONVERSION = YES;
				CLANG_WARN_OBJC_IMPLICIT_RETAIN_SELF = YES;
				CLANG_WARN_OBJC_LITERAL_CONVERSION = YES;
				CLANG_WARN_OBJC_ROOT_CLASS = YES_ERROR;
				CLANG_WARN_QUOTED_INCLUDE_IN_FRAMEWORK_HEADER = YES;
				CLANG_WARN_RANGE_LOOP_ANALYSIS = YES;
				CLANG_WARN_STRICT_PROTOTYPES = YES;
				CLANG_WARN_SUSPICIOUS_MOVE = YES;
				CLANG_WARN_UNGUARDED_AVAILABILITY = YES_AGGRESSIVE;
				CLANG_WARN_UNREACHABLE_CODE = YES;
				CLANG_WARN__DUPLICATE_METHOD_MATCH = YES;
				COPY_PHASE_STRIP = NO;
				DEBUG_INFORMATION_FORMAT = "dwarf-with-dsym";
				ENABLE_NS_ASSERTIONS = NO;
				ENABLE_STRICT_OBJC_MSGSEND = YES;
				GCC_C_LANGUAGE_STANDARD = gnu11;
				GCC_NO_COMMON_BLOCKS = YES;
				GCC_WARN_64_TO_32_BIT_CONVERSION = YES;
				GCC_WARN_ABOUT_RETURN_TYPE = YES_ERROR;
				GCC_WARN_UNDECLARED_SELECTOR = YES;
				GCC_WARN_UNINITIALIZED_AUTOS = YES_AGGRESSIVE;
				GCC_WARN_UNUSED_FUNCTION = YES;
				GCC_WARN_UNUSED_VARIABLE = YES;
				IPHONEOS_DEPLOYMENT_TARGET = 14.4;
				MTL_ENABLE_DEBUG_INFO = NO;
				MTL_FAST_MATH = YES;
				SDKROOT = iphoneos;
				SWIFT_COMPILATION_MODE = wholemodule;
				SWIFT_OPTIMIZATION_LEVEL = "-O";
				VALIDATE_PRODUCT = YES;
			};
			name = Release;
		};
		26D5257626D0A936005D73E6 /* Debug */ = {
			isa = XCBuildConfiguration;
			baseConfigurationReference = 9345FD30EF62323326C03CB8 /* Pods-SentioWeather.debug.xcconfig */;
			buildSettings = {
				ASSETCATALOG_COMPILER_APPICON_NAME = AppIcon;
				ASSETCATALOG_COMPILER_GLOBAL_ACCENT_COLOR_NAME = AccentColor;
				CODE_SIGN_STYLE = Automatic;
				INFOPLIST_FILE = SentioWeather/Info.plist;
				IPHONEOS_DEPLOYMENT_TARGET = 12.1;
				LD_RUNPATH_SEARCH_PATHS = (
					"$(inherited)",
					"@executable_path/Frameworks",
				);
				PRODUCT_BUNDLE_IDENTIFIER = com.hautran.SentioWeather;
				PRODUCT_NAME = "$(TARGET_NAME)";
				SWIFT_VERSION = 5.0;
				TARGETED_DEVICE_FAMILY = 1;
			};
			name = Debug;
		};
		26D5257726D0A936005D73E6 /* Release */ = {
			isa = XCBuildConfiguration;
			baseConfigurationReference = C14B9CF00BA377FD95B483E7 /* Pods-SentioWeather.release.xcconfig */;
			buildSettings = {
				ASSETCATALOG_COMPILER_APPICON_NAME = AppIcon;
				ASSETCATALOG_COMPILER_GLOBAL_ACCENT_COLOR_NAME = AccentColor;
				CODE_SIGN_STYLE = Automatic;
				INFOPLIST_FILE = SentioWeather/Info.plist;
				IPHONEOS_DEPLOYMENT_TARGET = 12.1;
				LD_RUNPATH_SEARCH_PATHS = (
					"$(inherited)",
					"@executable_path/Frameworks",
				);
				PRODUCT_BUNDLE_IDENTIFIER = com.hautran.SentioWeather;
				PRODUCT_NAME = "$(TARGET_NAME)";
				SWIFT_VERSION = 5.0;
				TARGETED_DEVICE_FAMILY = 1;
			};
			name = Release;
		};
		26D5257926D0A936005D73E6 /* Debug */ = {
			isa = XCBuildConfiguration;
			baseConfigurationReference = C9273B31DE6CFF52A47824FB /* Pods-SentioWeatherTests.debug.xcconfig */;
			buildSettings = {
				ALWAYS_EMBED_SWIFT_STANDARD_LIBRARIES = YES;
				BUNDLE_LOADER = "$(TEST_HOST)";
				CODE_SIGN_STYLE = Automatic;
				INFOPLIST_FILE = SentioWeatherTests/Info.plist;
				IPHONEOS_DEPLOYMENT_TARGET = 14.4;
				LD_RUNPATH_SEARCH_PATHS = (
					"$(inherited)",
					"@executable_path/Frameworks",
					"@loader_path/Frameworks",
				);
				PRODUCT_BUNDLE_IDENTIFIER = com.hautran.SentioWeatherTests;
				PRODUCT_NAME = "$(TARGET_NAME)";
				SWIFT_VERSION = 5.0;
				TARGETED_DEVICE_FAMILY = "1,2";
				TEST_HOST = "$(BUILT_PRODUCTS_DIR)/SentioWeather.app/SentioWeather";
			};
			name = Debug;
		};
		26D5257A26D0A936005D73E6 /* Release */ = {
			isa = XCBuildConfiguration;
			baseConfigurationReference = 30BFF822EFEFE2B3133C49BB /* Pods-SentioWeatherTests.release.xcconfig */;
			buildSettings = {
				ALWAYS_EMBED_SWIFT_STANDARD_LIBRARIES = YES;
				BUNDLE_LOADER = "$(TEST_HOST)";
				CODE_SIGN_STYLE = Automatic;
				INFOPLIST_FILE = SentioWeatherTests/Info.plist;
				IPHONEOS_DEPLOYMENT_TARGET = 14.4;
				LD_RUNPATH_SEARCH_PATHS = (
					"$(inherited)",
					"@executable_path/Frameworks",
					"@loader_path/Frameworks",
				);
				PRODUCT_BUNDLE_IDENTIFIER = com.hautran.SentioWeatherTests;
				PRODUCT_NAME = "$(TARGET_NAME)";
				SWIFT_VERSION = 5.0;
				TARGETED_DEVICE_FAMILY = "1,2";
				TEST_HOST = "$(BUILT_PRODUCTS_DIR)/SentioWeather.app/SentioWeather";
			};
			name = Release;
		};
		26D5257C26D0A936005D73E6 /* Debug */ = {
			isa = XCBuildConfiguration;
			baseConfigurationReference = A83CA8D05E72B40F6588445F /* Pods-SentioWeather-SentioWeatherUITests.debug.xcconfig */;
			buildSettings = {
				ALWAYS_EMBED_SWIFT_STANDARD_LIBRARIES = YES;
				CODE_SIGN_STYLE = Automatic;
				INFOPLIST_FILE = SentioWeatherUITests/Info.plist;
				LD_RUNPATH_SEARCH_PATHS = (
					"$(inherited)",
					"@executable_path/Frameworks",
					"@loader_path/Frameworks",
				);
				PRODUCT_BUNDLE_IDENTIFIER = com.hautran.SentioWeatherUITests;
				PRODUCT_NAME = "$(TARGET_NAME)";
				SWIFT_VERSION = 5.0;
				TARGETED_DEVICE_FAMILY = "1,2";
				TEST_TARGET_NAME = SentioWeather;
			};
			name = Debug;
		};
		26D5257D26D0A936005D73E6 /* Release */ = {
			isa = XCBuildConfiguration;
			baseConfigurationReference = CA336A0969AAEFFE481C5606 /* Pods-SentioWeather-SentioWeatherUITests.release.xcconfig */;
			buildSettings = {
				ALWAYS_EMBED_SWIFT_STANDARD_LIBRARIES = YES;
				CODE_SIGN_STYLE = Automatic;
				INFOPLIST_FILE = SentioWeatherUITests/Info.plist;
				LD_RUNPATH_SEARCH_PATHS = (
					"$(inherited)",
					"@executable_path/Frameworks",
					"@loader_path/Frameworks",
				);
				PRODUCT_BUNDLE_IDENTIFIER = com.hautran.SentioWeatherUITests;
				PRODUCT_NAME = "$(TARGET_NAME)";
				SWIFT_VERSION = 5.0;
				TARGETED_DEVICE_FAMILY = "1,2";
				TEST_TARGET_NAME = SentioWeather;
			};
			name = Release;
		};
/* End XCBuildConfiguration section */

/* Begin XCConfigurationList section */
		26D5254626D0A932005D73E6 /* Build configuration list for PBXProject "SentioWeather" */ = {
			isa = XCConfigurationList;
			buildConfigurations = (
				26D5257326D0A936005D73E6 /* Debug */,
				26D5257426D0A936005D73E6 /* Release */,
			);
			defaultConfigurationIsVisible = 0;
			defaultConfigurationName = Release;
		};
		26D5257526D0A936005D73E6 /* Build configuration list for PBXNativeTarget "SentioWeather" */ = {
			isa = XCConfigurationList;
			buildConfigurations = (
				26D5257626D0A936005D73E6 /* Debug */,
				26D5257726D0A936005D73E6 /* Release */,
			);
			defaultConfigurationIsVisible = 0;
			defaultConfigurationName = Release;
		};
		26D5257826D0A936005D73E6 /* Build configuration list for PBXNativeTarget "SentioWeatherTests" */ = {
			isa = XCConfigurationList;
			buildConfigurations = (
				26D5257926D0A936005D73E6 /* Debug */,
				26D5257A26D0A936005D73E6 /* Release */,
			);
			defaultConfigurationIsVisible = 0;
			defaultConfigurationName = Release;
		};
		26D5257B26D0A936005D73E6 /* Build configuration list for PBXNativeTarget "SentioWeatherUITests" */ = {
			isa = XCConfigurationList;
			buildConfigurations = (
				26D5257C26D0A936005D73E6 /* Debug */,
				26D5257D26D0A936005D73E6 /* Release */,
			);
			defaultConfigurationIsVisible = 0;
			defaultConfigurationName = Release;
		};
/* End XCConfigurationList section */
	};
	rootObject = 26D5254326D0A932005D73E6 /* Project object */;
}
